<Solution>
  <Folder Name="/Solution Items/">
    <File Path="TravelPackageManagementSystem/wwwroot/lib/TopDestination/Atoll - Copy.jpg" />
    <File Path="TravelPackageManagementSystem/wwwroot/lib/TopDestination/Atoll.jpg" />
    <File Path="TravelPackageManagementSystem/wwwroot/lib/TopDestination/Baa Atoll Maldives Resort_ Coco Palm Dhuni Kolhu - KoTravellers - Copy.jpg" />
    <File Path="TravelPackageManagementSystem/wwwroot/lib/TopDestination/Baa Atoll Maldives Resort_ Coco Palm Dhuni Kolhu - KoTravellers.jpg" />
    <File Path="TravelPackageManagementSystem/wwwroot/lib/TopDestination/blue mountains - Copy.jpg" />
    <File Path="TravelPackageManagementSystem/wwwroot/lib/TopDestination/blue mountains.jpg" />
    <File Path="TravelPackageManagementSystem/wwwroot/lib/TopDestination/Capital of Mizoram- Aizawl - Copy.jpg" />
    <File Path="TravelPackageManagementSystem/wwwroot/lib/TopDestination/Capital of Mizoram- Aizawl.jpg" />
    <File Path="TravelPackageManagementSystem/wwwroot/lib/TopDestination/Champhai, Mizoram - Copy.jpg" />
    <File Path="TravelPackageManagementSystem/wwwroot/lib/TopDestination/Champhai, Mizoram.jpg" />
    <File Path="TravelPackageManagementSystem/wwwroot/lib/TopDestination/Coimbatore.jpg" />
    <File Path="TravelPackageManagementSystem/wwwroot/lib/TopDestination/Dhanushkodi.jpg" />
    <File Path="TravelPackageManagementSystem/wwwroot/lib/TopDestination/Hulhumale - Copy.jpg" />
    <File Path="TravelPackageManagementSystem/wwwroot/lib/TopDestination/Hulhumale.jpg" />
    <File Path="TravelPackageManagementSystem/wwwroot/lib/TopDestination/Kodaikanal.jpg" />
    <File Path="TravelPackageManagementSystem/wwwroot/lib/TopDestination/local culture.jpg" />
    <File Path="TravelPackageManagementSystem/wwwroot/lib/TopDestination/Luxury Island in Maldives.jpg" />
    <File Path="TravelPackageManagementSystem/wwwroot/lib/TopDestination/Madurai.jpg" />
    <File Path="TravelPackageManagementSystem/wwwroot/lib/TopDestination/Mahabalipuram.jpg" />
    <File Path="TravelPackageManagementSystem/wwwroot/lib/TopDestination/MaldivesTorquise.jpg" />
    <File Path="TravelPackageManagementSystem/wwwroot/lib/TopDestination/Meenakshi Temple.jpg" />
    <File Path="TravelPackageManagementSystem/wwwroot/lib/TopDestination/Mizoram - The Land of Hills.jpg" />
    <File Path="TravelPackageManagementSystem/wwwroot/lib/TopDestination/Mizoram _ Northeast India.jpg" />
    <File Path="TravelPackageManagementSystem/wwwroot/lib/TopDestination/OOtyTd.jpg" />
    <File Path="TravelPackageManagementSystem/wwwroot/lib/TopDestination/OOtyTd2.jpg" />
    <File Path="TravelPackageManagementSystem/wwwroot/lib/TopDestination/Phawngpui.jpg" />
    <File Path="TravelPackageManagementSystem/wwwroot/lib/TopDestination/PondicherryTD.jpg" />
    <File Path="TravelPackageManagementSystem/wwwroot/lib/TopDestination/PondicherryTD2.jpg" />
    <File Path="TravelPackageManagementSystem/wwwroot/lib/TopDestination/Rameshwaram (2).jpg" />
    <File Path="TravelPackageManagementSystem/wwwroot/lib/TopDestination/Serchhip.jpg" />
    <File Path="TravelPackageManagementSystem/wwwroot/lib/TopDestination/Snorkeling &amp; Diving in Maldives.jpg" />
    <File Path="TravelPackageManagementSystem/wwwroot/lib/TopDestination/South Male Atoll Maldives.jpg" />
    <File Path="TravelPackageManagementSystem/wwwroot/lib/TopDestination/TamilnaduTD.jpg" />
    <File Path="TravelPackageManagementSystem/wwwroot/lib/TopDestination/Tanjore Royal Palace.jpg" />
    <File Path="TravelPackageManagementSystem/wwwroot/lib/TopDestination/Thanjavur Maratha Palace, Thanjavur, Tamil Nadu, India.jpg" />
    <File Path="TravelPackageManagementSystem/wwwroot/lib/TopDestination/Vilamendhoo Island Resort and Spa.jpg" />
    <File Path="TravelPackageManagementSystem/wwwroot/lib/TopDestination/water villas.jpg" />
  </Folder>
  <Project Path="TravelPackageManagementSystem.Repository/TravelPackageManagementSystem.Repository.csproj" />
  <Project Path="TravelPackageManagementSystem.Services/TravelPackageManagementSystem.Services.csproj" />
  <Project Path="TravelPackageManagementSystem/TravelPackageManagementSystem.Application.csproj" />
</Solution>
